
Microsoft Visual Studio Solution File, Format Version 12.00
# Visual Studio 2013
VisualStudioVersion = 12.0.30723.0
MinimumVisualStudioVersion = 10.0.40219.1
Project("{00000005-0004-0000-0000-000000C0DEF1}") = "RFA.Model", "RFA.Model\RFA.Model.cfxproj", "{EB57B6A3-14C6-4734-B2C0-3E5A44B84D4F}"
EndProject
Project("{FAE04EC0-301F-11D3-BF4B-00C04F79EFBC}") = "RFA.BOM", "RFA.BOM\RFA.BOM.csproj", "{469D02DD-4768-46A2-A29D-09D3EBA15AB3}"
EndProject
Project("{FAE04EC0-301F-11D3-BF4B-00C04F79EFBC}") = "RFA.BO", "RFA.BO\RFA.BO.csproj", "{D8BBC497-5506-4A24-B773-F48C83289C49}"
EndProject
Global
	GlobalSection(SolutionConfigurationPlatforms) = preSolution
		Debug|.NET = Debug|.NET
		Debug|Any CPU = Debug|Any CPU
		Debug|Mixed Platforms = Debug|Mixed Platforms
		Release|.NET = Release|.NET
		Release|Any CPU = Release|Any CPU
		Release|Mixed Platforms = Release|Mixed Platforms
	EndGlobalSection
	GlobalSection(ProjectConfigurationPlatforms) = postSolution
		{EB57B6A3-14C6-4734-B2C0-3E5A44B84D4F}.Debug|.NET.ActiveCfg = Release|.NET
		{EB57B6A3-14C6-4734-B2C0-3E5A44B84D4F}.Debug|.NET.Build.0 = Release|.NET
		{EB57B6A3-14C6-4734-B2C0-3E5A44B84D4F}.Debug|Any CPU.ActiveCfg = Release|.NET
		{EB57B6A3-14C6-4734-B2C0-3E5A44B84D4F}.Debug|Mixed Platforms.ActiveCfg = Release|.NET
		{EB57B6A3-14C6-4734-B2C0-3E5A44B84D4F}.Debug|Mixed Platforms.Build.0 = Release|.NET
		{EB57B6A3-14C6-4734-B2C0-3E5A44B84D4F}.Release|.NET.ActiveCfg = Release|.NET
		{EB57B6A3-14C6-4734-B2C0-3E5A44B84D4F}.Release|.NET.Build.0 = Release|.NET
		{EB57B6A3-14C6-4734-B2C0-3E5A44B84D4F}.Release|Any CPU.ActiveCfg = Release|.NET
		{EB57B6A3-14C6-4734-B2C0-3E5A44B84D4F}.Release|Mixed Platforms.ActiveCfg = Release|.NET
		{EB57B6A3-14C6-4734-B2C0-3E5A44B84D4F}.Release|Mixed Platforms.Build.0 = Release|.NET
		{469D02DD-4768-46A2-A29D-09D3EBA15AB3}.Debug|.NET.ActiveCfg = Debug|Any CPU
		{469D02DD-4768-46A2-A29D-09D3EBA15AB3}.Debug|Any CPU.ActiveCfg = Debug|Any CPU
		{469D02DD-4768-46A2-A29D-09D3EBA15AB3}.Debug|Any CPU.Build.0 = Debug|Any CPU
		{469D02DD-4768-46A2-A29D-09D3EBA15AB3}.Debug|Mixed Platforms.ActiveCfg = Debug|Any CPU
		{469D02DD-4768-46A2-A29D-09D3EBA15AB3}.Debug|Mixed Platforms.Build.0 = Debug|Any CPU
		{469D02DD-4768-46A2-A29D-09D3EBA15AB3}.Release|.NET.ActiveCfg = Release|Any CPU
		{469D02DD-4768-46A2-A29D-09D3EBA15AB3}.Release|Any CPU.ActiveCfg = Release|Any CPU
		{469D02DD-4768-46A2-A29D-09D3EBA15AB3}.Release|Any CPU.Build.0 = Release|Any CPU
		{469D02DD-4768-46A2-A29D-09D3EBA15AB3}.Release|Mixed Platforms.ActiveCfg = Release|Any CPU
		{469D02DD-4768-46A2-A29D-09D3EBA15AB3}.Release|Mixed Platforms.Build.0 = Release|Any CPU
		{D8BBC497-5506-4A24-B773-F48C83289C49}.Debug|.NET.ActiveCfg = Debug|Any CPU
		{D8BBC497-5506-4A24-B773-F48C83289C49}.Debug|Any CPU.ActiveCfg = Debug|Any CPU
		{D8BBC497-5506-4A24-B773-F48C83289C49}.Debug|Any CPU.Build.0 = Debug|Any CPU
		{D8BBC497-5506-4A24-B773-F48C83289C49}.Debug|Mixed Platforms.ActiveCfg = Debug|Any CPU
		{D8BBC497-5506-4A24-B773-F48C83289C49}.Debug|Mixed Platforms.Build.0 = Debug|Any CPU
		{D8BBC497-5506-4A24-B773-F48C83289C49}.Release|.NET.ActiveCfg = Release|Any CPU
		{D8BBC497-5506-4A24-B773-F48C83289C49}.Release|Any CPU.ActiveCfg = Release|Any CPU
		{D8BBC497-5506-4A24-B773-F48C83289C49}.Release|Any CPU.Build.0 = Release|Any CPU
		{D8BBC497-5506-4A24-B773-F48C83289C49}.Release|Mixed Platforms.ActiveCfg = Release|Any CPU
		{D8BBC497-5506-4A24-B773-F48C83289C49}.Release|Mixed Platforms.Build.0 = Release|Any CPU
	EndGlobalSection
	GlobalSection(SolutionProperties) = preSolution
		HideSolutionNode = FALSE
	EndGlobalSection
EndGlobal
